// !$*UTF8*$!
{
	archiveVersion = 1;
	classes = {
	};
	objectVersion = 46;
	objects = {

/* Begin PBXBuildFile section */
		20079E751B48061100521807 /* PGPrefsController.h in Headers */ = {isa = PBXBuildFile; fileRef = 20079E6B1B48061100521807 /* PGPrefsController.h */; };
		20079E761B48061100521807 /* PGPrefsController.m in Sources */ = {isa = PBXBuildFile; fileRef = 20079E6C1B48061100521807 /* PGPrefsController.m */; };
		20079E771B48061100521807 /* PGPrefsPane.h in Headers */ = {isa = PBXBuildFile; fileRef = 20079E6D1B48061100521807 /* PGPrefsPane.h */; };
		20079E781B48061100521807 /* PGPrefsPane.m in Sources */ = {isa = PBXBuildFile; fileRef = 20079E6E1B48061100521807 /* PGPrefsPane.m */; };
		20079E791B48061100521807 /* Common.h in Headers */ = {isa = PBXBuildFile; fileRef = 20079E701B48061100521807 /* Common.h */; };
		20079E8A1B4807E200521807 /* PGPrefsPostgreSQL.sh in Resources */ = {isa = PBXBuildFile; fileRef = 20079E871B4807E200521807 /* PGPrefsPostgreSQL.sh */; };
		20079E8B1B4807E200521807 /* PGPrefsRunAsAdmin.applescript in Sources */ = {isa = PBXBuildFile; fileRef = 20079E881B4807E200521807 /* PGPrefsRunAsAdmin.applescript */; };
		20079E981B48086300521807 /* checking.png in Resources */ = {isa = PBXBuildFile; fileRef = 20079E8D1B48086300521807 /* checking.png */; };
		20079E991B48086300521807 /* elephant.png in Resources */ = {isa = PBXBuildFile; fileRef = 20079E8E1B48086300521807 /* elephant.png */; };
		20079E9A1B48086300521807 /* elephant_big.png in Resources */ = {isa = PBXBuildFile; fileRef = 20079E8F1B48086300521807 /* elephant_big.png */; };
		20079E9B1B48086300521807 /* logo.png in Resources */ = {isa = PBXBuildFile; fileRef = 20079E901B48086300521807 /* logo.png */; };
		20079E9C1B48086300521807 /* refresh.png in Resources */ = {isa = PBXBuildFile; fileRef = 20079E911B48086300521807 /* refresh.png */; };
		20079EA11B48086300521807 /* started.png in Resources */ = {isa = PBXBuildFile; fileRef = 20079E961B48086300521807 /* started.png */; };
		20079EA21B48086300521807 /* stopped.png in Resources */ = {isa = PBXBuildFile; fileRef = 20079E971B48086300521807 /* stopped.png */; };
		20164595149DFFBA009ACF7A /* AppleScriptObjC.framework in Frameworks */ = {isa = PBXBuildFile; fileRef = 20164594149DFFBA009ACF7A /* AppleScriptObjC.framework */; };
		20164597149DFFC3009ACF7A /* SecurityInterface.framework in Frameworks */ = {isa = PBXBuildFile; fileRef = 20164596149DFFC3009ACF7A /* SecurityInterface.framework */; };
		20164599149E031E009ACF7A /* Security.framework in Frameworks */ = {isa = PBXBuildFile; fileRef = 20164598149E031E009ACF7A /* Security.framework */; };
		201A6A7E1B5DB73D005B691B /* retrying.png in Resources */ = {isa = PBXBuildFile; fileRef = 201A6A7D1B5DB73D005B691B /* retrying.png */; };
		2035B190149C8B83009A2972 /* Cocoa.framework in Frameworks */ = {isa = PBXBuildFile; fileRef = 2035B18F149C8B83009A2972 /* Cocoa.framework */; };
		2035B192149C8B83009A2972 /* PreferencePanes.framework in Frameworks */ = {isa = PBXBuildFile; fileRef = 2035B191149C8B83009A2972 /* PreferencePanes.framework */; };
		2035B19C149C8B83009A2972 /* InfoPlist.strings in Resources */ = {isa = PBXBuildFile; fileRef = 2035B19A149C8B83009A2972 /* InfoPlist.strings */; };
		2035B1A5149C8B84009A2972 /* PGPrefsPane.xib in Resources */ = {isa = PBXBuildFile; fileRef = 2035B1A3149C8B83009A2972 /* PGPrefsPane.xib */; };
		20381A8319F0F10A00559533 /* PostgreSQL.iconset in Resources */ = {isa = PBXBuildFile; fileRef = 20381A8219F0F10A00559533 /* PostgreSQL.iconset */; };
		20727F881B4C7971002BBCCC /* PGServerController.h in Headers */ = {isa = PBXBuildFile; fileRef = 20727F861B4C7971002BBCCC /* PGServerController.h */; };
		20727F891B4C7971002BBCCC /* PGServerController.m in Sources */ = {isa = PBXBuildFile; fileRef = 20727F871B4C7971002BBCCC /* PGServerController.m */; };
		2086E18F1B57B55800F2B292 /* PGSearchController.h in Headers */ = {isa = PBXBuildFile; fileRef = 2086E18D1B57B55800F2B292 /* PGSearchController.h */; };
		2086E1901B57B55800F2B292 /* PGSearchController.m in Sources */ = {isa = PBXBuildFile; fileRef = 2086E18E1B57B55800F2B292 /* PGSearchController.m */; };
		209F8F781B5FBC1B0049AD18 /* protected.png in Resources */ = {isa = PBXBuildFile; fileRef = 209F8F771B5FBC1B0049AD18 /* protected.png */; };
		20B628C11B495154003F8557 /* PGServer.h in Headers */ = {isa = PBXBuildFile; fileRef = 20B628BF1B495154003F8557 /* PGServer.h */; };
		20B628C21B495154003F8557 /* PGServer.m in Sources */ = {isa = PBXBuildFile; fileRef = 20B628C01B495154003F8557 /* PGServer.m */; };
		20B628C71B4973BE003F8557 /* PGProcess.h in Headers */ = {isa = PBXBuildFile; fileRef = 20B628C51B4973BE003F8557 /* PGProcess.h */; };
		20B628C81B4973BE003F8557 /* PGProcess.m in Sources */ = {isa = PBXBuildFile; fileRef = 20B628C61B4973BE003F8557 /* PGProcess.m */; };
		20BBC29814AD1E7600BA0859 /* README.pod in Resources */ = {isa = PBXBuildFile; fileRef = 20BBC29714AD1E7600BA0859 /* README.pod */; };
		20BBC29A14AD201A00BA0859 /* README.pod.html in Resources */ = {isa = PBXBuildFile; fileRef = 20BBC29914AD201A00BA0859 /* README.pod.html */; };
		20E969821B51574600013B0E /* PGServerDataStore.h in Headers */ = {isa = PBXBuildFile; fileRef = 20E969801B51574600013B0E /* PGServerDataStore.h */; };
		20E969831B51574600013B0E /* PGServerDataStore.m in Sources */ = {isa = PBXBuildFile; fileRef = 20E969811B51574600013B0E /* PGServerDataStore.m */; };
		20E9698A1B51AEB900013B0E /* PGData.h in Headers */ = {isa = PBXBuildFile; fileRef = 20E969881B51AEB900013B0E /* PGData.h */; };
		20E9698B1B51AEB900013B0E /* PGData.m in Sources */ = {isa = PBXBuildFile; fileRef = 20E969891B51AEB900013B0E /* PGData.m */; };
		20E9698D1B52DA2000013B0E /* unknown.png in Resources */ = {isa = PBXBuildFile; fileRef = 20E9698C1B52DA2000013B0E /* unknown.png */; };
/* End PBXBuildFile section */

/* Begin PBXFileReference section */
		20079E6B1B48061100521807 /* PGPrefsController.h */ = {isa = PBXFileReference; fileEncoding = 4; lastKnownFileType = sourcecode.c.h; path = PGPrefsController.h; sourceTree = "<group>"; };
		20079E6C1B48061100521807 /* PGPrefsController.m */ = {isa = PBXFileReference; fileEncoding = 4; lastKnownFileType = sourcecode.c.objc; path = PGPrefsController.m; sourceTree = "<group>"; };
		20079E6D1B48061100521807 /* PGPrefsPane.h */ = {isa = PBXFileReference; fileEncoding = 4; lastKnownFileType = sourcecode.c.h; path = PGPrefsPane.h; sourceTree = "<group>"; };
		20079E6E1B48061100521807 /* PGPrefsPane.m */ = {isa = PBXFileReference; fileEncoding = 4; lastKnownFileType = sourcecode.c.objc; path = PGPrefsPane.m; sourceTree = "<group>"; };
		20079E701B48061100521807 /* Common.h */ = {isa = PBXFileReference; fileEncoding = 4; lastKnownFileType = sourcecode.c.h; path = Common.h; sourceTree = "<group>"; };
		20079E871B4807E200521807 /* PGPrefsPostgreSQL.sh */ = {isa = PBXFileReference; fileEncoding = 4; lastKnownFileType = text.script.sh; path = PGPrefsPostgreSQL.sh; sourceTree = "<group>"; };
		20079E881B4807E200521807 /* PGPrefsRunAsAdmin.applescript */ = {isa = PBXFileReference; fileEncoding = 4; lastKnownFileType = sourcecode.applescript; path = PGPrefsRunAsAdmin.applescript; sourceTree = "<group>"; };
		20079E8D1B48086300521807 /* checking.png */ = {isa = PBXFileReference; lastKnownFileType = image.png; path = checking.png; sourceTree = "<group>"; };
		20079E8E1B48086300521807 /* elephant.png */ = {isa = PBXFileReference; lastKnownFileType = image.png; path = elephant.png; sourceTree = "<group>"; };
		20079E8F1B48086300521807 /* elephant_big.png */ = {isa = PBXFileReference; lastKnownFileType = image.png; path = elephant_big.png; sourceTree = "<group>"; };
		20079E901B48086300521807 /* logo.png */ = {isa = PBXFileReference; lastKnownFileType = image.png; path = logo.png; sourceTree = "<group>"; };
		20079E911B48086300521807 /* refresh.png */ = {isa = PBXFileReference; lastKnownFileType = image.png; path = refresh.png; sourceTree = "<group>"; };
		20079E961B48086300521807 /* started.png */ = {isa = PBXFileReference; lastKnownFileType = image.png; path = started.png; sourceTree = "<group>"; };
		20079E971B48086300521807 /* stopped.png */ = {isa = PBXFileReference; lastKnownFileType = image.png; path = stopped.png; sourceTree = "<group>"; };
		20164594149DFFBA009ACF7A /* AppleScriptObjC.framework */ = {isa = PBXFileReference; lastKnownFileType = wrapper.framework; name = AppleScriptObjC.framework; path = System/Library/Frameworks/AppleScriptObjC.framework; sourceTree = SDKROOT; };
		20164596149DFFC3009ACF7A /* SecurityInterface.framework */ = {isa = PBXFileReference; lastKnownFileType = wrapper.framework; name = SecurityInterface.framework; path = System/Library/Frameworks/SecurityInterface.framework; sourceTree = SDKROOT; };
		20164598149E031E009ACF7A /* Security.framework */ = {isa = PBXFileReference; lastKnownFileType = wrapper.framework; name = Security.framework; path = System/Library/Frameworks/Security.framework; sourceTree = SDKROOT; };
		201645A1149E68F4009ACF7A /* AppleScriptObjC.framework */ = {isa = PBXFileReference; lastKnownFileType = wrapper.framework; name = AppleScriptObjC.framework; path = System/Library/Frameworks/AppleScriptObjC.framework; sourceTree = SDKROOT; };
		201A6A7C1B5C2F3F005B691B /* Debug.h */ = {isa = PBXFileReference; lastKnownFileType = sourcecode.c.h; path = Debug.h; sourceTree = "<group>"; };
		201A6A7D1B5DB73D005B691B /* retrying.png */ = {isa = PBXFileReference; lastKnownFileType = image.png; path = retrying.png; sourceTree = "<group>"; };
		2035B18C149C8B83009A2972 /* PostgreSQL.prefPane */ = {isa = PBXFileReference; explicitFileType = wrapper.cfbundle; includeInIndex = 0; path = PostgreSQL.prefPane; sourceTree = BUILT_PRODUCTS_DIR; };
		2035B18F149C8B83009A2972 /* Cocoa.framework */ = {isa = PBXFileReference; lastKnownFileType = wrapper.framework; name = Cocoa.framework; path = System/Library/Frameworks/Cocoa.framework; sourceTree = SDKROOT; };
		2035B191149C8B83009A2972 /* PreferencePanes.framework */ = {isa = PBXFileReference; lastKnownFileType = wrapper.framework; name = PreferencePanes.framework; path = System/Library/Frameworks/PreferencePanes.framework; sourceTree = SDKROOT; };
		2035B194149C8B83009A2972 /* AppKit.framework */ = {isa = PBXFileReference; lastKnownFileType = wrapper.framework; name = AppKit.framework; path = System/Library/Frameworks/AppKit.framework; sourceTree = SDKROOT; };
		2035B195149C8B83009A2972 /* CoreData.framework */ = {isa = PBXFileReference; lastKnownFileType = wrapper.framework; name = CoreData.framework; path = System/Library/Frameworks/CoreData.framework; sourceTree = SDKROOT; };
		2035B196149C8B83009A2972 /* Foundation.framework */ = {isa = PBXFileReference; lastKnownFileType = wrapper.framework; name = Foundation.framework; path = System/Library/Frameworks/Foundation.framework; sourceTree = SDKROOT; };
		2035B199149C8B83009A2972 /* PostgreSQL-Info.plist */ = {isa = PBXFileReference; lastKnownFileType = text.plist.xml; path = "PostgreSQL-Info.plist"; sourceTree = "<group>"; };
		2035B19B149C8B83009A2972 /* en */ = {isa = PBXFileReference; lastKnownFileType = text.plist.strings; name = en; path = en.lproj/InfoPlist.strings; sourceTree = "<group>"; };
		2035B19D149C8B83009A2972 /* PostgreSQL-Prefix.pch */ = {isa = PBXFileReference; lastKnownFileType = sourcecode.c.h; path = "PostgreSQL-Prefix.pch"; sourceTree = "<group>"; };
		2035B1A4149C8B84009A2972 /* en */ = {isa = PBXFileReference; lastKnownFileType = file.xib; name = en; path = en.lproj/PGPrefsPane.xib; sourceTree = "<group>"; };
		20381A8219F0F10A00559533 /* PostgreSQL.iconset */ = {isa = PBXFileReference; lastKnownFileType = folder.iconset; path = PostgreSQL.iconset; sourceTree = "<group>"; };
		20727F861B4C7971002BBCCC /* PGServerController.h */ = {isa = PBXFileReference; fileEncoding = 4; lastKnownFileType = sourcecode.c.h; path = PGServerController.h; sourceTree = "<group>"; };
		20727F871B4C7971002BBCCC /* PGServerController.m */ = {isa = PBXFileReference; fileEncoding = 4; lastKnownFileType = sourcecode.c.objc; path = PGServerController.m; sourceTree = "<group>"; };
		2078AE291B50095C00488526 /* Config.h */ = {isa = PBXFileReference; lastKnownFileType = sourcecode.c.h; path = Config.h; sourceTree = "<group>"; };
		2086E18D1B57B55800F2B292 /* PGSearchController.h */ = {isa = PBXFileReference; fileEncoding = 4; lastKnownFileType = sourcecode.c.h; path = PGSearchController.h; sourceTree = "<group>"; };
		2086E18E1B57B55800F2B292 /* PGSearchController.m */ = {isa = PBXFileReference; fileEncoding = 4; lastKnownFileType = sourcecode.c.objc; path = PGSearchController.m; sourceTree = "<group>"; };
		209F8F771B5FBC1B0049AD18 /* protected.png */ = {isa = PBXFileReference; lastKnownFileType = image.png; path = protected.png; sourceTree = "<group>"; };
		20B628BF1B495154003F8557 /* PGServer.h */ = {isa = PBXFileReference; fileEncoding = 4; lastKnownFileType = sourcecode.c.h; path = PGServer.h; sourceTree = "<group>"; };
		20B628C01B495154003F8557 /* PGServer.m */ = {isa = PBXFileReference; fileEncoding = 4; lastKnownFileType = sourcecode.c.objc; path = PGServer.m; sourceTree = "<group>"; };
		20B628C51B4973BE003F8557 /* PGProcess.h */ = {isa = PBXFileReference; fileEncoding = 4; lastKnownFileType = sourcecode.c.h; path = PGProcess.h; sourceTree = "<group>"; };
		20B628C61B4973BE003F8557 /* PGProcess.m */ = {isa = PBXFileReference; fileEncoding = 4; lastKnownFileType = sourcecode.c.objc; path = PGProcess.m; sourceTree = "<group>"; };
		20BBC29714AD1E7600BA0859 /* README.pod */ = {isa = PBXFileReference; fileEncoding = 4; lastKnownFileType = text; path = README.pod; sourceTree = SOURCE_ROOT; };
		20BBC29914AD201A00BA0859 /* README.pod.html */ = {isa = PBXFileReference; fileEncoding = 4; lastKnownFileType = text.html; path = README.pod.html; sourceTree = "<group>"; };
		20E969801B51574600013B0E /* PGServerDataStore.h */ = {isa = PBXFileReference; fileEncoding = 4; lastKnownFileType = sourcecode.c.h; path = PGServerDataStore.h; sourceTree = "<group>"; };
		20E969811B51574600013B0E /* PGServerDataStore.m */ = {isa = PBXFileReference; fileEncoding = 4; lastKnownFileType = sourcecode.c.objc; path = PGServerDataStore.m; sourceTree = "<group>"; };
		20E969881B51AEB900013B0E /* PGData.h */ = {isa = PBXFileReference; fileEncoding = 4; lastKnownFileType = sourcecode.c.h; path = PGData.h; sourceTree = "<group>"; };
		20E969891B51AEB900013B0E /* PGData.m */ = {isa = PBXFileReference; fileEncoding = 4; lastKnownFileType = sourcecode.c.objc; path = PGData.m; sourceTree = "<group>"; };
		20E9698C1B52DA2000013B0E /* unknown.png */ = {isa = PBXFileReference; lastKnownFileType = image.png; path = unknown.png; sourceTree = "<group>"; };
/* End PBXFileReference section */

/* Begin PBXFrameworksBuildPhase section */
		2035B187149C8B83009A2972 /* Frameworks */ = {
			isa = PBXFrameworksBuildPhase;
			buildActionMask = 2147483647;
			files = (
				20164599149E031E009ACF7A /* Security.framework in Frameworks */,
				20164597149DFFC3009ACF7A /* SecurityInterface.framework in Frameworks */,
				20164595149DFFBA009ACF7A /* AppleScriptObjC.framework in Frameworks */,
				2035B190149C8B83009A2972 /* Cocoa.framework in Frameworks */,
				2035B192149C8B83009A2972 /* PreferencePanes.framework in Frameworks */,
			);
			runOnlyForDeploymentPostprocessing = 0;
		};
/* End PBXFrameworksBuildPhase section */

/* Begin PBXGroup section */
		20079E6A1B48061100521807 /* Classes */ = {
			isa = PBXGroup;
			children = (
				20079E6D1B48061100521807 /* PGPrefsPane.h */,
				20079E6E1B48061100521807 /* PGPrefsPane.m */,
				20079E6B1B48061100521807 /* PGPrefsController.h */,
				20079E6C1B48061100521807 /* PGPrefsController.m */,
				2086E18D1B57B55800F2B292 /* PGSearchController.h */,
				2086E18E1B57B55800F2B292 /* PGSearchController.m */,
				20727F861B4C7971002BBCCC /* PGServerController.h */,
				20727F871B4C7971002BBCCC /* PGServerController.m */,
				20E969801B51574600013B0E /* PGServerDataStore.h */,
				20E969811B51574600013B0E /* PGServerDataStore.m */,
				20B628BF1B495154003F8557 /* PGServer.h */,
				20B628C01B495154003F8557 /* PGServer.m */,
				20079E6F1B48061100521807 /* Utils */,
			);
			path = Classes;
			sourceTree = "<group>";
		};
		20079E6F1B48061100521807 /* Utils */ = {
			isa = PBXGroup;
			children = (
				2078AE291B50095C00488526 /* Config.h */,
				20079E701B48061100521807 /* Common.h */,
				201A6A7C1B5C2F3F005B691B /* Debug.h */,
				20E969881B51AEB900013B0E /* PGData.h */,
				20E969891B51AEB900013B0E /* PGData.m */,
				20B628C51B4973BE003F8557 /* PGProcess.h */,
				20B628C61B4973BE003F8557 /* PGProcess.m */,
			);
			path = Utils;
			sourceTree = "<group>";
		};
		20079E851B4807E200521807 /* Scripts */ = {
			isa = PBXGroup;
			children = (
				20079E871B4807E200521807 /* PGPrefsPostgreSQL.sh */,
				20079E881B4807E200521807 /* PGPrefsRunAsAdmin.applescript */,
			);
			path = Scripts;
			sourceTree = "<group>";
		};
		20079E8C1B48086300521807 /* Images */ = {
			isa = PBXGroup;
			children = (
				20079E8D1B48086300521807 /* checking.png */,
				20079E8E1B48086300521807 /* elephant.png */,
				20079E8F1B48086300521807 /* elephant_big.png */,
				20079E901B48086300521807 /* logo.png */,
				209F8F771B5FBC1B0049AD18 /* protected.png */,
				20079E911B48086300521807 /* refresh.png */,
				201A6A7D1B5DB73D005B691B /* retrying.png */,
				20079E961B48086300521807 /* started.png */,
				20079E971B48086300521807 /* stopped.png */,
				20E9698C1B52DA2000013B0E /* unknown.png */,
			);
			path = Images;
			sourceTree = "<group>";
		};
		2035B17F149C8B83009A2972 = {
			isa = PBXGroup;
			children = (
				20164598149E031E009ACF7A /* Security.framework */,
				20164596149DFFC3009ACF7A /* SecurityInterface.framework */,
				20164594149DFFBA009ACF7A /* AppleScriptObjC.framework */,
				2035B197149C8B83009A2972 /* PostgreSQL */,
				2035B18E149C8B83009A2972 /* Frameworks */,
				2035B18D149C8B83009A2972 /* Products */,
			);
			sourceTree = "<group>";
		};
		2035B18D149C8B83009A2972 /* Products */ = {
			isa = PBXGroup;
			children = (
				2035B18C149C8B83009A2972 /* PostgreSQL.prefPane */,
			);
			name = Products;
			sourceTree = "<group>";
		};
		2035B18E149C8B83009A2972 /* Frameworks */ = {
			isa = PBXGroup;
			children = (
				2035B18F149C8B83009A2972 /* Cocoa.framework */,
				2035B191149C8B83009A2972 /* PreferencePanes.framework */,
				201645A1149E68F4009ACF7A /* AppleScriptObjC.framework */,
				2035B193149C8B83009A2972 /* Other Frameworks */,
			);
			name = Frameworks;
			sourceTree = "<group>";
		};
		2035B193149C8B83009A2972 /* Other Frameworks */ = {
			isa = PBXGroup;
			children = (
				2035B194149C8B83009A2972 /* AppKit.framework */,
				2035B195149C8B83009A2972 /* CoreData.framework */,
				2035B196149C8B83009A2972 /* Foundation.framework */,
			);
			name = "Other Frameworks";
			sourceTree = "<group>";
		};
		2035B197149C8B83009A2972 /* PostgreSQL */ = {
			isa = PBXGroup;
			children = (
				20BBC29714AD1E7600BA0859 /* README.pod */,
				20BBC29914AD201A00BA0859 /* README.pod.html */,
				2035B1A3149C8B83009A2972 /* PGPrefsPane.xib */,
				20079E6A1B48061100521807 /* Classes */,
				20079E851B4807E200521807 /* Scripts */,
				20079E8C1B48086300521807 /* Images */,
				2035B198149C8B83009A2972 /* Supporting Files */,
			);
			path = PostgreSQL;
			sourceTree = "<group>";
		};
		2035B198149C8B83009A2972 /* Supporting Files */ = {
			isa = PBXGroup;
			children = (
				20381A8219F0F10A00559533 /* PostgreSQL.iconset */,
				2035B19A149C8B83009A2972 /* InfoPlist.strings */,
				2035B199149C8B83009A2972 /* PostgreSQL-Info.plist */,
				2035B19D149C8B83009A2972 /* PostgreSQL-Prefix.pch */,
			);
			name = "Supporting Files";
			sourceTree = "<group>";
		};
/* End PBXGroup section */

/* Begin PBXHeadersBuildPhase section */
		2035B188149C8B83009A2972 /* Headers */ = {
			isa = PBXHeadersBuildPhase;
			buildActionMask = 2147483647;
			files = (
				20B628C71B4973BE003F8557 /* PGProcess.h in Headers */,
				20B628C11B495154003F8557 /* PGServer.h in Headers */,
				20727F881B4C7971002BBCCC /* PGServerController.h in Headers */,
				20079E771B48061100521807 /* PGPrefsPane.h in Headers */,
				20079E751B48061100521807 /* PGPrefsController.h in Headers */,
				20079E791B48061100521807 /* Common.h in Headers */,
				20E969821B51574600013B0E /* PGServerDataStore.h in Headers */,
				2086E18F1B57B55800F2B292 /* PGSearchController.h in Headers */,
				20E9698A1B51AEB900013B0E /* PGData.h in Headers */,
			);
			runOnlyForDeploymentPostprocessing = 0;
		};
/* End PBXHeadersBuildPhase section */

/* Begin PBXNativeTarget section */
		2035B18B149C8B83009A2972 /* PostgreSQL */ = {
			isa = PBXNativeTarget;
			buildConfigurationList = 2035B1A8149C8B84009A2972 /* Build configuration list for PBXNativeTarget "PostgreSQL" */;
			buildPhases = (
				2035B186149C8B83009A2972 /* Sources */,
				2035B187149C8B83009A2972 /* Frameworks */,
				2035B188149C8B83009A2972 /* Headers */,
				2035B189149C8B83009A2972 /* Resources */,
				2035B18A149C8B83009A2972 /* Rez */,
			);
			buildRules = (
			);
			dependencies = (
			);
			name = PostgreSQL;
			productName = Postgres;
			productReference = 2035B18C149C8B83009A2972 /* PostgreSQL.prefPane */;
			productType = "com.apple.product-type.bundle";
		};
/* End PBXNativeTarget section */

/* Begin PBXProject section */
		2035B181149C8B83009A2972 /* Project object */ = {
			isa = PBXProject;
			attributes = {
				LastUpgradeCheck = 0620;
			};
			buildConfigurationList = 2035B184149C8B83009A2972 /* Build configuration list for PBXProject "PostgreSQL" */;
			compatibilityVersion = "Xcode 3.2";
			developmentRegion = English;
			hasScannedForEncodings = 0;
			knownRegions = (
				en,
			);
			mainGroup = 2035B17F149C8B83009A2972;
			productRefGroup = 2035B18D149C8B83009A2972 /* Products */;
			projectDirPath = "";
			projectRoot = "";
			targets = (
				2035B18B149C8B83009A2972 /* PostgreSQL */,
			);
		};
/* End PBXProject section */

/* Begin PBXResourcesBuildPhase section */
		2035B189149C8B83009A2972 /* Resources */ = {
			isa = PBXResourcesBuildPhase;
			buildActionMask = 2147483647;
			files = (
				20079E8A1B4807E200521807 /* PGPrefsPostgreSQL.sh in Resources */,
				20079E9C1B48086300521807 /* refresh.png in Resources */,
				20079EA21B48086300521807 /* stopped.png in Resources */,
				20079EA11B48086300521807 /* started.png in Resources */,
				20079E9A1B48086300521807 /* elephant_big.png in Resources */,
				201A6A7E1B5DB73D005B691B /* retrying.png in Resources */,
				20079E9B1B48086300521807 /* logo.png in Resources */,
				20E9698D1B52DA2000013B0E /* unknown.png in Resources */,
				2035B19C149C8B83009A2972 /* InfoPlist.strings in Resources */,
				2035B1A5149C8B84009A2972 /* PGPrefsPane.xib in Resources */,
				209F8F781B5FBC1B0049AD18 /* protected.png in Resources */,
				20079E981B48086300521807 /* checking.png in Resources */,
				20381A8319F0F10A00559533 /* PostgreSQL.iconset in Resources */,
				20079E991B48086300521807 /* elephant.png in Resources */,
				20BBC29814AD1E7600BA0859 /* README.pod in Resources */,
				20BBC29A14AD201A00BA0859 /* README.pod.html in Resources */,
			);
			runOnlyForDeploymentPostprocessing = 0;
		};
/* End PBXResourcesBuildPhase section */

/* Begin PBXRezBuildPhase section */
		2035B18A149C8B83009A2972 /* Rez */ = {
			isa = PBXRezBuildPhase;
			buildActionMask = 2147483647;
			files = (
			);
			runOnlyForDeploymentPostprocessing = 0;
		};
/* End PBXRezBuildPhase section */

/* Begin PBXSourcesBuildPhase section */
		2035B186149C8B83009A2972 /* Sources */ = {
			isa = PBXSourcesBuildPhase;
			buildActionMask = 2147483647;
			files = (
				20727F891B4C7971002BBCCC /* PGServerController.m in Sources */,
				20B628C21B495154003F8557 /* PGServer.m in Sources */,
				2086E1901B57B55800F2B292 /* PGSearchController.m in Sources */,
				20079E8B1B4807E200521807 /* PGPrefsRunAsAdmin.applescript in Sources */,
				20E969831B51574600013B0E /* PGServerDataStore.m in Sources */,
				20E9698B1B51AEB900013B0E /* PGData.m in Sources */,
				20B628C81B4973BE003F8557 /* PGProcess.m in Sources */,
				20079E781B48061100521807 /* PGPrefsPane.m in Sources */,
				20079E761B48061100521807 /* PGPrefsController.m in Sources */,
			);
			runOnlyForDeploymentPostprocessing = 0;
		};
/* End PBXSourcesBuildPhase section */

/* Begin PBXVariantGroup section */
		2035B19A149C8B83009A2972 /* InfoPlist.strings */ = {
			isa = PBXVariantGroup;
			children = (
				2035B19B149C8B83009A2972 /* en */,
			);
			name = InfoPlist.strings;
			sourceTree = "<group>";
		};
		2035B1A3149C8B83009A2972 /* PGPrefsPane.xib */ = {
			isa = PBXVariantGroup;
			children = (
				2035B1A4149C8B84009A2972 /* en */,
			);
			name = PGPrefsPane.xib;
			sourceTree = "<group>";
		};
/* End PBXVariantGroup section */

/* Begin XCBuildConfiguration section */
		2035B1A6149C8B84009A2972 /* Debug */ = {
			isa = XCBuildConfiguration;
			buildSettings = {
				ALWAYS_SEARCH_USER_PATHS = NO;
				CLANG_ENABLE_OBJC_ARC = YES;
				CLANG_WARN_BOOL_CONVERSION = YES;
				CLANG_WARN_CONSTANT_CONVERSION = YES;
				CLANG_WARN_EMPTY_BODY = YES;
				CLANG_WARN_ENUM_CONVERSION = YES;
				CLANG_WARN_INT_CONVERSION = YES;
				CLANG_WARN_UNREACHABLE_CODE = YES;
				CLANG_WARN__DUPLICATE_METHOD_MATCH = YES;
				COPY_PHASE_STRIP = NO;
				ENABLE_STRICT_OBJC_MSGSEND = YES;
				GCC_C_LANGUAGE_STANDARD = gnu99;
				GCC_DYNAMIC_NO_PIC = NO;
				GCC_ENABLE_OBJC_EXCEPTIONS = YES;
				GCC_OPTIMIZATION_LEVEL = 0;
				GCC_PREFIX_HEADER = "PostgreSQL/PostgreSQL-Prefix.pch";
				GCC_PREPROCESSOR_DEFINITIONS = (
					"DEBUG=1",
					"$(inherited)",
				);
				GCC_SYMBOLS_PRIVATE_EXTERN = NO;
				GCC_VERSION = com.apple.compilers.llvm.clang.1_0;
				GCC_WARN_64_TO_32_BIT_CONVERSION = YES;
				GCC_WARN_ABOUT_MISSING_PROTOTYPES = YES;
				GCC_WARN_ABOUT_RETURN_TYPE = YES;
				GCC_WARN_UNDECLARED_SELECTOR = YES;
				GCC_WARN_UNINITIALIZED_AUTOS = YES;
				GCC_WARN_UNUSED_FUNCTION = YES;
				GCC_WARN_UNUSED_VARIABLE = YES;
				INFOPLIST_FILE = "PostgreSQL/PostgreSQL-Info.plist";
				INFOPLIST_PREFIX_HEADER = "";
				MACOSX_DEPLOYMENT_TARGET = 10.7;
				ONLY_ACTIVE_ARCH = YES;
				OTHER_CFLAGS = "";
				PRODUCT_NAME = PostgreSQL;
				SDKROOT = macosx;
			};
			name = Debug;
		};
		2035B1A7149C8B84009A2972 /* Release */ = {
			isa = XCBuildConfiguration;
			buildSettings = {
				ALWAYS_SEARCH_USER_PATHS = NO;
				CLANG_ENABLE_OBJC_ARC = YES;
				CLANG_WARN_BOOL_CONVERSION = YES;
				CLANG_WARN_CONSTANT_CONVERSION = YES;
				CLANG_WARN_EMPTY_BODY = YES;
				CLANG_WARN_ENUM_CONVERSION = YES;
				CLANG_WARN_INT_CONVERSION = YES;
				CLANG_WARN_UNREACHABLE_CODE = YES;
				CLANG_WARN__DUPLICATE_METHOD_MATCH = YES;
				COPY_PHASE_STRIP = YES;
				DEBUG_INFORMATION_FORMAT = "dwarf-with-dsym";
				ENABLE_STRICT_OBJC_MSGSEND = YES;
				GCC_C_LANGUAGE_STANDARD = gnu99;
				GCC_ENABLE_OBJC_EXCEPTIONS = YES;
				GCC_PREFIX_HEADER = "PostgreSQL/PostgreSQL-Prefix.pch";
				GCC_VERSION = com.apple.compilers.llvm.clang.1_0;
				GCC_WARN_64_TO_32_BIT_CONVERSION = YES;
				GCC_WARN_ABOUT_MISSING_PROTOTYPES = YES;
				GCC_WARN_ABOUT_RETURN_TYPE = YES;
				GCC_WARN_UNDECLARED_SELECTOR = YES;
				GCC_WARN_UNINITIALIZED_AUTOS = YES;
				GCC_WARN_UNUSED_FUNCTION = YES;
				GCC_WARN_UNUSED_VARIABLE = YES;
				INFOPLIST_FILE = "PostgreSQL/PostgreSQL-Info.plist";
				INFOPLIST_PREFIX_HEADER = "";
				MACOSX_DEPLOYMENT_TARGET = 10.7;
				OTHER_CFLAGS = "";
				PRODUCT_NAME = PostgreSQL;
				SDKROOT = macosx;
			};
			name = Release;
		};
		2035B1A9149C8B84009A2972 /* Debug */ = {
			isa = XCBuildConfiguration;
			buildSettings = {
				COMBINE_HIDPI_IMAGES = YES;
				GCC_PRECOMPILE_PREFIX_HEADER = YES;
				GCC_PREFIX_HEADER = "PostgreSQL/PostgreSQL-Prefix.pch";
				INFOPLIST_FILE = "PostgreSQL/PostgreSQL-Info.plist";
				INSTALL_PATH = "$(HOME)/Library/PreferencePanes";
				PRODUCT_NAME = PostgreSQL;
				WRAPPER_EXTENSION = prefPane;
			};
			name = Debug;
		};
		2035B1AA149C8B84009A2972 /* Release */ = {
			isa = XCBuildConfiguration;
			buildSettings = {
				COMBINE_HIDPI_IMAGES = YES;
				GCC_PRECOMPILE_PREFIX_HEADER = YES;
				GCC_PREFIX_HEADER = "PostgreSQL/PostgreSQL-Prefix.pch";
				INFOPLIST_FILE = "PostgreSQL/PostgreSQL-Info.plist";
				INSTALL_PATH = "$(HOME)/Library/PreferencePanes";
				PRODUCT_NAME = PostgreSQL;
				WRAPPER_EXTENSION = prefPane;
			};
			name = Release;
		};
/* End XCBuildConfiguration section */

/* Begin XCConfigurationList section */
		2035B184149C8B83009A2972 /* Build configuration list for PBXProject "PostgreSQL" */ = {
			isa = XCConfigurationList;
			buildConfigurations = (
				2035B1A6149C8B84009A2972 /* Debug */,
				2035B1A7149C8B84009A2972 /* Release */,
			);
			defaultConfigurationIsVisible = 0;
			defaultConfigurationName = Release;
		};
		2035B1A8149C8B84009A2972 /* Build configuration list for PBXNativeTarget "PostgreSQL" */ = {
			isa = XCConfigurationList;
			buildConfigurations = (
				2035B1A9149C8B84009A2972 /* Debug */,
				2035B1AA149C8B84009A2972 /* Release */,
			);
			defaultConfigurationIsVisible = 0;
			defaultConfigurationName = Release;
		};
/* End XCConfigurationList section */
	};
	rootObject = 2035B181149C8B83009A2972 /* Project object */;
}
