// !$*UTF8*$!
{
	archiveVersion = 1;
	classes = {
	};
	objectVersion = 46;
	objects = {

/* Begin PBXBuildFile section */
		2013DA9C149E956D00579DFF /* PGPrefsController.h in Headers */ = {isa = PBXBuildFile; fileRef = 2013DA9A149E956D00579DFF /* PGPrefsController.h */; };
		2013DA9D149E956D00579DFF /* PGPrefsController.m in Sources */ = {isa = PBXBuildFile; fileRef = 2013DA9B149E956D00579DFF /* PGPrefsController.m */; };
		20164595149DFFBA009ACF7A /* AppleScriptObjC.framework in Frameworks */ = {isa = PBXBuildFile; fileRef = 20164594149DFFBA009ACF7A /* AppleScriptObjC.framework */; };
		20164597149DFFC3009ACF7A /* SecurityInterface.framework in Frameworks */ = {isa = PBXBuildFile; fileRef = 20164596149DFFC3009ACF7A /* SecurityInterface.framework */; };
		20164599149E031E009ACF7A /* Security.framework in Frameworks */ = {isa = PBXBuildFile; fileRef = 20164598149E031E009ACF7A /* Security.framework */; };
		201645EB149E7346009ACF7A /* elephant_big.png in Resources */ = {isa = PBXBuildFile; fileRef = 201645EA149E7346009ACF7A /* elephant_big.png */; };
		2035B190149C8B83009A2972 /* Cocoa.framework in Frameworks */ = {isa = PBXBuildFile; fileRef = 2035B18F149C8B83009A2972 /* Cocoa.framework */; };
		2035B192149C8B83009A2972 /* PreferencePanes.framework in Frameworks */ = {isa = PBXBuildFile; fileRef = 2035B191149C8B83009A2972 /* PreferencePanes.framework */; };
		2035B19C149C8B83009A2972 /* InfoPlist.strings in Resources */ = {isa = PBXBuildFile; fileRef = 2035B19A149C8B83009A2972 /* InfoPlist.strings */; };
		2035B1A0149C8B83009A2972 /* PGPrefsPane.m in Sources */ = {isa = PBXBuildFile; fileRef = 2035B19F149C8B83009A2972 /* PGPrefsPane.m */; };
		2035B1A5149C8B84009A2972 /* PGPrefsPane.xib in Resources */ = {isa = PBXBuildFile; fileRef = 2035B1A3149C8B83009A2972 /* PGPrefsPane.xib */; };
		2035B1BB149C8BD9009A2972 /* elephant.png in Resources */ = {isa = PBXBuildFile; fileRef = 2035B1B7149C8BD9009A2972 /* elephant.png */; };
		2035B1BC149C8BD9009A2972 /* logo.png in Resources */ = {isa = PBXBuildFile; fileRef = 2035B1B8149C8BD9009A2972 /* logo.png */; };
		2035B1BD149C8BD9009A2972 /* started.png in Resources */ = {isa = PBXBuildFile; fileRef = 2035B1B9149C8BD9009A2972 /* started.png */; };
		2035B1BE149C8BD9009A2972 /* stopped.png in Resources */ = {isa = PBXBuildFile; fileRef = 2035B1BA149C8BD9009A2972 /* stopped.png */; };
		2035B1C4149D104A009A2972 /* PostgreSQL.icns in Resources */ = {isa = PBXBuildFile; fileRef = 2035B1C3149D104A009A2972 /* PostgreSQL.icns */; };
		2035B202149DD7A3009A2972 /* PGPrefsRunAsAdmin.applescript in Sources */ = {isa = PBXBuildFile; fileRef = 2035B201149DD7A3009A2972 /* PGPrefsRunAsAdmin.applescript */; };
		20372B9114A12996003DEA23 /* PGPrefsUtilities.h in Headers */ = {isa = PBXBuildFile; fileRef = 20372B8F14A12996003DEA23 /* PGPrefsUtilities.h */; };
		20372B9214A12996003DEA23 /* PGPrefsUtilities.m in Sources */ = {isa = PBXBuildFile; fileRef = 20372B9014A12996003DEA23 /* PGPrefsUtilities.m */; };
		20372B9414A23070003DEA23 /* PGPrefsDetectDefaults.sh in Resources */ = {isa = PBXBuildFile; fileRef = 20372B9314A23070003DEA23 /* PGPrefsDetectDefaults.sh */; };
		20B43C7D14AC878700C967E1 /* refresh.png in Resources */ = {isa = PBXBuildFile; fileRef = 20B43C7C14AC878700C967E1 /* refresh.png */; };
		20B43C8014AC8F9F00C967E1 /* checking.png in Resources */ = {isa = PBXBuildFile; fileRef = 20B43C7F14AC8F9F00C967E1 /* checking.png */; };
		20B80A3114A893B600C9F274 /* PGPrefsPostgreSQL.sh in Resources */ = {isa = PBXBuildFile; fileRef = 20B80A3014A893B600C9F274 /* PGPrefsPostgreSQL.sh */; };
		20B80A3314A910B100C9F274 /* PGPrefsPaneDelegate.h in Headers */ = {isa = PBXBuildFile; fileRef = 20B80A3214A910B100C9F274 /* PGPrefsPaneDelegate.h */; };
		20BBC29814AD1E7600BA0859 /* README.pod in Resources */ = {isa = PBXBuildFile; fileRef = 20BBC29714AD1E7600BA0859 /* README.pod */; };
		20BBC29A14AD201A00BA0859 /* README.pod.html in Resources */ = {isa = PBXBuildFile; fileRef = 20BBC29914AD201A00BA0859 /* README.pod.html */; };
/* End PBXBuildFile section */

/* Begin PBXFileReference section */
		2013DA9A149E956D00579DFF /* PGPrefsController.h */ = {isa = PBXFileReference; fileEncoding = 4; lastKnownFileType = sourcecode.c.h; path = PGPrefsController.h; sourceTree = "<group>"; };
		2013DA9B149E956D00579DFF /* PGPrefsController.m */ = {isa = PBXFileReference; fileEncoding = 4; lastKnownFileType = sourcecode.c.objc; path = PGPrefsController.m; sourceTree = "<group>"; };
		20164594149DFFBA009ACF7A /* AppleScriptObjC.framework */ = {isa = PBXFileReference; lastKnownFileType = wrapper.framework; name = AppleScriptObjC.framework; path = System/Library/Frameworks/AppleScriptObjC.framework; sourceTree = SDKROOT; };
		20164596149DFFC3009ACF7A /* SecurityInterface.framework */ = {isa = PBXFileReference; lastKnownFileType = wrapper.framework; name = SecurityInterface.framework; path = System/Library/Frameworks/SecurityInterface.framework; sourceTree = SDKROOT; };
		20164598149E031E009ACF7A /* Security.framework */ = {isa = PBXFileReference; lastKnownFileType = wrapper.framework; name = Security.framework; path = System/Library/Frameworks/Security.framework; sourceTree = SDKROOT; };
		201645A1149E68F4009ACF7A /* AppleScriptObjC.framework */ = {isa = PBXFileReference; lastKnownFileType = wrapper.framework; name = AppleScriptObjC.framework; path = System/Library/Frameworks/AppleScriptObjC.framework; sourceTree = SDKROOT; };
		201645EA149E7346009ACF7A /* elephant_big.png */ = {isa = PBXFileReference; lastKnownFileType = image.png; path = elephant_big.png; sourceTree = "<group>"; };
		2035B18C149C8B83009A2972 /* PostgreSQL.prefPane */ = {isa = PBXFileReference; explicitFileType = wrapper.cfbundle; includeInIndex = 0; path = PostgreSQL.prefPane; sourceTree = BUILT_PRODUCTS_DIR; };
		2035B18F149C8B83009A2972 /* Cocoa.framework */ = {isa = PBXFileReference; lastKnownFileType = wrapper.framework; name = Cocoa.framework; path = System/Library/Frameworks/Cocoa.framework; sourceTree = SDKROOT; };
		2035B191149C8B83009A2972 /* PreferencePanes.framework */ = {isa = PBXFileReference; lastKnownFileType = wrapper.framework; name = PreferencePanes.framework; path = System/Library/Frameworks/PreferencePanes.framework; sourceTree = SDKROOT; };
		2035B194149C8B83009A2972 /* AppKit.framework */ = {isa = PBXFileReference; lastKnownFileType = wrapper.framework; name = AppKit.framework; path = System/Library/Frameworks/AppKit.framework; sourceTree = SDKROOT; };
		2035B195149C8B83009A2972 /* CoreData.framework */ = {isa = PBXFileReference; lastKnownFileType = wrapper.framework; name = CoreData.framework; path = System/Library/Frameworks/CoreData.framework; sourceTree = SDKROOT; };
		2035B196149C8B83009A2972 /* Foundation.framework */ = {isa = PBXFileReference; lastKnownFileType = wrapper.framework; name = Foundation.framework; path = System/Library/Frameworks/Foundation.framework; sourceTree = SDKROOT; };
		2035B199149C8B83009A2972 /* PostgreSQL-Info.plist */ = {isa = PBXFileReference; lastKnownFileType = text.plist.xml; path = "PostgreSQL-Info.plist"; sourceTree = "<group>"; };
		2035B19B149C8B83009A2972 /* en */ = {isa = PBXFileReference; lastKnownFileType = text.plist.strings; name = en; path = en.lproj/InfoPlist.strings; sourceTree = "<group>"; };
		2035B19D149C8B83009A2972 /* PostgreSQL-Prefix.pch */ = {isa = PBXFileReference; lastKnownFileType = sourcecode.c.h; path = "PostgreSQL-Prefix.pch"; sourceTree = "<group>"; };
		2035B19E149C8B83009A2972 /* PGPrefsPane.h */ = {isa = PBXFileReference; lastKnownFileType = sourcecode.c.h; path = PGPrefsPane.h; sourceTree = "<group>"; };
		2035B19F149C8B83009A2972 /* PGPrefsPane.m */ = {isa = PBXFileReference; lastKnownFileType = sourcecode.c.objc; path = PGPrefsPane.m; sourceTree = "<group>"; };
		2035B1A4149C8B84009A2972 /* en */ = {isa = PBXFileReference; lastKnownFileType = file.xib; name = en; path = en.lproj/PGPrefsPane.xib; sourceTree = "<group>"; };
		2035B1B7149C8BD9009A2972 /* elephant.png */ = {isa = PBXFileReference; lastKnownFileType = image.png; path = elephant.png; sourceTree = "<group>"; };
		2035B1B8149C8BD9009A2972 /* logo.png */ = {isa = PBXFileReference; lastKnownFileType = image.png; path = logo.png; sourceTree = "<group>"; };
		2035B1B9149C8BD9009A2972 /* started.png */ = {isa = PBXFileReference; lastKnownFileType = image.png; path = started.png; sourceTree = "<group>"; };
		2035B1BA149C8BD9009A2972 /* stopped.png */ = {isa = PBXFileReference; lastKnownFileType = image.png; path = stopped.png; sourceTree = "<group>"; };
		2035B1C3149D104A009A2972 /* PostgreSQL.icns */ = {isa = PBXFileReference; lastKnownFileType = image.icns; path = PostgreSQL.icns; sourceTree = "<group>"; };
		2035B201149DD7A3009A2972 /* PGPrefsRunAsAdmin.applescript */ = {isa = PBXFileReference; fileEncoding = 4; lastKnownFileType = sourcecode.applescript; path = PGPrefsRunAsAdmin.applescript; sourceTree = "<group>"; };
		20372B8F14A12996003DEA23 /* PGPrefsUtilities.h */ = {isa = PBXFileReference; fileEncoding = 4; lastKnownFileType = sourcecode.c.h; path = PGPrefsUtilities.h; sourceTree = "<group>"; };
		20372B9014A12996003DEA23 /* PGPrefsUtilities.m */ = {isa = PBXFileReference; fileEncoding = 4; lastKnownFileType = sourcecode.c.objc; path = PGPrefsUtilities.m; sourceTree = "<group>"; };
		20372B9314A23070003DEA23 /* PGPrefsDetectDefaults.sh */ = {isa = PBXFileReference; fileEncoding = 4; lastKnownFileType = text.script.sh; path = PGPrefsDetectDefaults.sh; sourceTree = "<group>"; };
		20B43C7C14AC878700C967E1 /* refresh.png */ = {isa = PBXFileReference; lastKnownFileType = image.png; path = refresh.png; sourceTree = "<group>"; };
		20B43C7F14AC8F9F00C967E1 /* checking.png */ = {isa = PBXFileReference; lastKnownFileType = image.png; path = checking.png; sourceTree = "<group>"; };
		20B80A3014A893B600C9F274 /* PGPrefsPostgreSQL.sh */ = {isa = PBXFileReference; fileEncoding = 4; lastKnownFileType = text.script.sh; path = PGPrefsPostgreSQL.sh; sourceTree = "<group>"; };
		20B80A3214A910B100C9F274 /* PGPrefsPaneDelegate.h */ = {isa = PBXFileReference; fileEncoding = 4; lastKnownFileType = sourcecode.c.h; path = PGPrefsPaneDelegate.h; sourceTree = "<group>"; };
		20BBC29714AD1E7600BA0859 /* README.pod */ = {isa = PBXFileReference; fileEncoding = 4; lastKnownFileType = text; path = README.pod; sourceTree = SOURCE_ROOT; };
		20BBC29914AD201A00BA0859 /* README.pod.html */ = {isa = PBXFileReference; fileEncoding = 4; lastKnownFileType = text.html; path = README.pod.html; sourceTree = "<group>"; };
/* End PBXFileReference section */

/* Begin PBXFrameworksBuildPhase section */
		2035B187149C8B83009A2972 /* Frameworks */ = {
			isa = PBXFrameworksBuildPhase;
			buildActionMask = 2147483647;
			files = (
				20164599149E031E009ACF7A /* Security.framework in Frameworks */,
				20164597149DFFC3009ACF7A /* SecurityInterface.framework in Frameworks */,
				20164595149DFFBA009ACF7A /* AppleScriptObjC.framework in Frameworks */,
				2035B190149C8B83009A2972 /* Cocoa.framework in Frameworks */,
				2035B192149C8B83009A2972 /* PreferencePanes.framework in Frameworks */,
			);
			runOnlyForDeploymentPostprocessing = 0;
		};
/* End PBXFrameworksBuildPhase section */

/* Begin PBXGroup section */
		2035B17F149C8B83009A2972 = {
			isa = PBXGroup;
			children = (
				20164598149E031E009ACF7A /* Security.framework */,
				20164596149DFFC3009ACF7A /* SecurityInterface.framework */,
				20164594149DFFBA009ACF7A /* AppleScriptObjC.framework */,
				2035B197149C8B83009A2972 /* PostgreSQL */,
				2035B18E149C8B83009A2972 /* Frameworks */,
				2035B18D149C8B83009A2972 /* Products */,
			);
			sourceTree = "<group>";
		};
		2035B18D149C8B83009A2972 /* Products */ = {
			isa = PBXGroup;
			children = (
				2035B18C149C8B83009A2972 /* PostgreSQL.prefPane */,
			);
			name = Products;
			sourceTree = "<group>";
		};
		2035B18E149C8B83009A2972 /* Frameworks */ = {
			isa = PBXGroup;
			children = (
				2035B18F149C8B83009A2972 /* Cocoa.framework */,
				2035B191149C8B83009A2972 /* PreferencePanes.framework */,
				201645A1149E68F4009ACF7A /* AppleScriptObjC.framework */,
				2035B193149C8B83009A2972 /* Other Frameworks */,
			);
			name = Frameworks;
			sourceTree = "<group>";
		};
		2035B193149C8B83009A2972 /* Other Frameworks */ = {
			isa = PBXGroup;
			children = (
				2035B194149C8B83009A2972 /* AppKit.framework */,
				2035B195149C8B83009A2972 /* CoreData.framework */,
				2035B196149C8B83009A2972 /* Foundation.framework */,
			);
			name = "Other Frameworks";
			sourceTree = "<group>";
		};
		2035B197149C8B83009A2972 /* PostgreSQL */ = {
			isa = PBXGroup;
			children = (
				20BBC29714AD1E7600BA0859 /* README.pod */,
				20BBC29914AD201A00BA0859 /* README.pod.html */,
				2035B1A3149C8B83009A2972 /* PGPrefsPane.xib */,
				2035B19E149C8B83009A2972 /* PGPrefsPane.h */,
				2035B19F149C8B83009A2972 /* PGPrefsPane.m */,
				20B80A3214A910B100C9F274 /* PGPrefsPaneDelegate.h */,
				2013DA9A149E956D00579DFF /* PGPrefsController.h */,
				2013DA9B149E956D00579DFF /* PGPrefsController.m */,
				20372B8F14A12996003DEA23 /* PGPrefsUtilities.h */,
				20372B9014A12996003DEA23 /* PGPrefsUtilities.m */,
				2035B198149C8B83009A2972 /* Supporting Files */,
			);
			path = PostgreSQL;
			sourceTree = "<group>";
		};
		2035B198149C8B83009A2972 /* Supporting Files */ = {
			isa = PBXGroup;
			children = (
				20B43C7F14AC8F9F00C967E1 /* checking.png */,
				20B43C7C14AC878700C967E1 /* refresh.png */,
				2035B1B8149C8BD9009A2972 /* logo.png */,
				2035B1B7149C8BD9009A2972 /* elephant.png */,
				201645EA149E7346009ACF7A /* elephant_big.png */,
				2035B1B9149C8BD9009A2972 /* started.png */,
				2035B1BA149C8BD9009A2972 /* stopped.png */,
				2035B19A149C8B83009A2972 /* InfoPlist.strings */,
				2035B1C3149D104A009A2972 /* PostgreSQL.icns */,
				2035B199149C8B83009A2972 /* PostgreSQL-Info.plist */,
				2035B19D149C8B83009A2972 /* PostgreSQL-Prefix.pch */,
				2035B201149DD7A3009A2972 /* PGPrefsRunAsAdmin.applescript */,
				20372B9314A23070003DEA23 /* PGPrefsDetectDefaults.sh */,
				20B80A3014A893B600C9F274 /* PGPrefsPostgreSQL.sh */,
			);
			name = "Supporting Files";
			sourceTree = "<group>";
		};
/* End PBXGroup section */

/* Begin PBXHeadersBuildPhase section */
		2035B188149C8B83009A2972 /* Headers */ = {
			isa = PBXHeadersBuildPhase;
			buildActionMask = 2147483647;
			files = (
				2013DA9C149E956D00579DFF /* PGPrefsController.h in Headers */,
				20372B9114A12996003DEA23 /* PGPrefsUtilities.h in Headers */,
				20B80A3314A910B100C9F274 /* PGPrefsPaneDelegate.h in Headers */,
			);
			runOnlyForDeploymentPostprocessing = 0;
		};
/* End PBXHeadersBuildPhase section */

/* Begin PBXNativeTarget section */
		2035B18B149C8B83009A2972 /* PostgreSQL */ = {
			isa = PBXNativeTarget;
			buildConfigurationList = 2035B1A8149C8B84009A2972 /* Build configuration list for PBXNativeTarget "PostgreSQL" */;
			buildPhases = (
				2035B186149C8B83009A2972 /* Sources */,
				2035B187149C8B83009A2972 /* Frameworks */,
				2035B188149C8B83009A2972 /* Headers */,
				2035B189149C8B83009A2972 /* Resources */,
				2035B18A149C8B83009A2972 /* Rez */,
			);
			buildRules = (
			);
			dependencies = (
			);
			name = PostgreSQL;
			productName = Postgres;
			productReference = 2035B18C149C8B83009A2972 /* PostgreSQL.prefPane */;
			productType = "com.apple.product-type.bundle";
		};
/* End PBXNativeTarget section */

/* Begin PBXProject section */
		2035B181149C8B83009A2972 /* Project object */ = {
			isa = PBXProject;
			attributes = {
				LastUpgradeCheck = 0420;
			};
			buildConfigurationList = 2035B184149C8B83009A2972 /* Build configuration list for PBXProject "PostgreSQL" */;
			compatibilityVersion = "Xcode 3.2";
			developmentRegion = English;
			hasScannedForEncodings = 0;
			knownRegions = (
				en,
			);
			mainGroup = 2035B17F149C8B83009A2972;
			productRefGroup = 2035B18D149C8B83009A2972 /* Products */;
			projectDirPath = "";
			projectRoot = "";
			targets = (
				2035B18B149C8B83009A2972 /* PostgreSQL */,
			);
		};
/* End PBXProject section */

/* Begin PBXResourcesBuildPhase section */
		2035B189149C8B83009A2972 /* Resources */ = {
			isa = PBXResourcesBuildPhase;
			buildActionMask = 2147483647;
			files = (
				2035B19C149C8B83009A2972 /* InfoPlist.strings in Resources */,
				2035B1A5149C8B84009A2972 /* PGPrefsPane.xib in Resources */,
				2035B1BB149C8BD9009A2972 /* elephant.png in Resources */,
				2035B1BC149C8BD9009A2972 /* logo.png in Resources */,
				2035B1BD149C8BD9009A2972 /* started.png in Resources */,
				2035B1BE149C8BD9009A2972 /* stopped.png in Resources */,
				2035B1C4149D104A009A2972 /* PostgreSQL.icns in Resources */,
				201645EB149E7346009ACF7A /* elephant_big.png in Resources */,
				20372B9414A23070003DEA23 /* PGPrefsDetectDefaults.sh in Resources */,
				20B80A3114A893B600C9F274 /* PGPrefsPostgreSQL.sh in Resources */,
				20B43C7D14AC878700C967E1 /* refresh.png in Resources */,
				20B43C8014AC8F9F00C967E1 /* checking.png in Resources */,
				20BBC29814AD1E7600BA0859 /* README.pod in Resources */,
				20BBC29A14AD201A00BA0859 /* README.pod.html in Resources */,
			);
			runOnlyForDeploymentPostprocessing = 0;
		};
/* End PBXResourcesBuildPhase section */

/* Begin PBXRezBuildPhase section */
		2035B18A149C8B83009A2972 /* Rez */ = {
			isa = PBXRezBuildPhase;
			buildActionMask = 2147483647;
			files = (
			);
			runOnlyForDeploymentPostprocessing = 0;
		};
/* End PBXRezBuildPhase section */

/* Begin PBXSourcesBuildPhase section */
		2035B186149C8B83009A2972 /* Sources */ = {
			isa = PBXSourcesBuildPhase;
			buildActionMask = 2147483647;
			files = (
				2035B1A0149C8B83009A2972 /* PGPrefsPane.m in Sources */,
				2035B202149DD7A3009A2972 /* PGPrefsRunAsAdmin.applescript in Sources */,
				2013DA9D149E956D00579DFF /* PGPrefsController.m in Sources */,
				20372B9214A12996003DEA23 /* PGPrefsUtilities.m in Sources */,
			);
			runOnlyForDeploymentPostprocessing = 0;
		};
/* End PBXSourcesBuildPhase section */

/* Begin PBXVariantGroup section */
		2035B19A149C8B83009A2972 /* InfoPlist.strings */ = {
			isa = PBXVariantGroup;
			children = (
				2035B19B149C8B83009A2972 /* en */,
			);
			name = InfoPlist.strings;
			sourceTree = "<group>";
		};
		2035B1A3149C8B83009A2972 /* PGPrefsPane.xib */ = {
			isa = PBXVariantGroup;
			children = (
				2035B1A4149C8B84009A2972 /* en */,
			);
			name = PGPrefsPane.xib;
			sourceTree = "<group>";
		};
/* End PBXVariantGroup section */

/* Begin XCBuildConfiguration section */
		2035B1A6149C8B84009A2972 /* Debug */ = {
			isa = XCBuildConfiguration;
			buildSettings = {
				ALWAYS_SEARCH_USER_PATHS = NO;
				ARCHS = "$(ARCHS_STANDARD_64_BIT)";
				CLANG_ENABLE_OBJC_ARC = YES;
				COPY_PHASE_STRIP = NO;
				GCC_C_LANGUAGE_STANDARD = gnu99;
				GCC_DYNAMIC_NO_PIC = NO;
				GCC_ENABLE_OBJC_EXCEPTIONS = YES;
				GCC_ENABLE_OBJC_GC = supported;
				GCC_OPTIMIZATION_LEVEL = 0;
				GCC_PREFIX_HEADER = "PostgreSQL/PostgreSQL-Prefix.pch";
				GCC_PREPROCESSOR_DEFINITIONS = (
					"DEBUG=1",
					"$(inherited)",
				);
				GCC_SYMBOLS_PRIVATE_EXTERN = NO;
				GCC_VERSION = com.apple.compilers.llvm.clang.1_0;
				GCC_WARN_64_TO_32_BIT_CONVERSION = YES;
				GCC_WARN_ABOUT_MISSING_PROTOTYPES = YES;
				GCC_WARN_ABOUT_RETURN_TYPE = YES;
				GCC_WARN_UNUSED_VARIABLE = YES;
				INFOPLIST_FILE = "PostgreSQL/PostgreSQL-Info.plist";
				INFOPLIST_PREFIX_HEADER = "";
				MACOSX_DEPLOYMENT_TARGET = 10.5;
				ONLY_ACTIVE_ARCH = YES;
				OTHER_CFLAGS = "";
				PRODUCT_NAME = PostgreSQL;
				SDKROOT = macosx;
			};
			name = Debug;
		};
		2035B1A7149C8B84009A2972 /* Release */ = {
			isa = XCBuildConfiguration;
			buildSettings = {
				ALWAYS_SEARCH_USER_PATHS = NO;
				ARCHS = "$(ARCHS_STANDARD_64_BIT)";
				CLANG_ENABLE_OBJC_ARC = YES;
				COPY_PHASE_STRIP = YES;
				DEBUG_INFORMATION_FORMAT = "dwarf-with-dsym";
				GCC_C_LANGUAGE_STANDARD = gnu99;
				GCC_ENABLE_OBJC_EXCEPTIONS = YES;
				GCC_ENABLE_OBJC_GC = supported;
				GCC_PREFIX_HEADER = "PostgreSQL/PostgreSQL-Prefix.pch";
				GCC_VERSION = com.apple.compilers.llvm.clang.1_0;
				GCC_WARN_64_TO_32_BIT_CONVERSION = YES;
				GCC_WARN_ABOUT_MISSING_PROTOTYPES = YES;
				GCC_WARN_ABOUT_RETURN_TYPE = YES;
				GCC_WARN_UNUSED_VARIABLE = YES;
				INFOPLIST_FILE = "PostgreSQL/PostgreSQL-Info.plist";
				INFOPLIST_PREFIX_HEADER = "";
				MACOSX_DEPLOYMENT_TARGET = 10.5;
				OTHER_CFLAGS = "";
				PRODUCT_NAME = PostgreSQL;
				SDKROOT = macosx;
			};
			name = Release;
		};
		2035B1A9149C8B84009A2972 /* Debug */ = {
			isa = XCBuildConfiguration;
			buildSettings = {
				GCC_PRECOMPILE_PREFIX_HEADER = YES;
				GCC_PREFIX_HEADER = "PostgreSQL/PostgreSQL-Prefix.pch";
				INFOPLIST_FILE = "PostgreSQL/PostgreSQL-Info.plist";
				INSTALL_PATH = "$(HOME)/Library/PreferencePanes";
				PRODUCT_NAME = PostgreSQL;
				WRAPPER_EXTENSION = prefPane;
			};
			name = Debug;
		};
		2035B1AA149C8B84009A2972 /* Release */ = {
			isa = XCBuildConfiguration;
			buildSettings = {
				GCC_PRECOMPILE_PREFIX_HEADER = YES;
				GCC_PREFIX_HEADER = "PostgreSQL/PostgreSQL-Prefix.pch";
				INFOPLIST_FILE = "PostgreSQL/PostgreSQL-Info.plist";
				INSTALL_PATH = "$(HOME)/Library/PreferencePanes";
				PRODUCT_NAME = PostgreSQL;
				WRAPPER_EXTENSION = prefPane;
			};
			name = Release;
		};
/* End XCBuildConfiguration section */

/* Begin XCConfigurationList section */
		2035B184149C8B83009A2972 /* Build configuration list for PBXProject "PostgreSQL" */ = {
			isa = XCConfigurationList;
			buildConfigurations = (
				2035B1A6149C8B84009A2972 /* Debug */,
				2035B1A7149C8B84009A2972 /* Release */,
			);
			defaultConfigurationIsVisible = 0;
			defaultConfigurationName = Release;
		};
		2035B1A8149C8B84009A2972 /* Build configuration list for PBXNativeTarget "PostgreSQL" */ = {
			isa = XCConfigurationList;
			buildConfigurations = (
				2035B1A9149C8B84009A2972 /* Debug */,
				2035B1AA149C8B84009A2972 /* Release */,
			);
			defaultConfigurationIsVisible = 0;
			defaultConfigurationName = Release;
		};
/* End XCConfigurationList section */
	};
	rootObject = 2035B181149C8B83009A2972 /* Project object */;
}
